
Microsoft Visual Studio Solution File, Format Version 12.00
# Visual Studio 2013
VisualStudioVersion = 12.0.31101.0
MinimumVisualStudioVersion = 10.0.40219.1
Project("{FAE04EC0-301F-11D3-BF4B-00C04F79EFBC}") = "CipherChallenge", "CipherChallenge\CipherChallenge.csproj", "{90E4FEE0-F677-45B2-9E90-AB474389E41F}"
EndProject
Project("{2150E333-8FDC-42A3-9474-1A3956D46DE8}") = ".nuget", ".nuget", "{00E15D3F-B44C-4857-9A62-5C6B557FB504}"
	ProjectSection(SolutionItems) = preProject
		.nuget\NuGet.Config = .nuget\NuGet.Config
		.nuget\NuGet.exe = .nuget\NuGet.exe
		.nuget\NuGet.targets = .nuget\NuGet.targets
	EndProjectSection
EndProject
Project("{FAE04EC0-301F-11D3-BF4B-00C04F79EFBC}") = "UnitTestProject", "UnitTestProject\UnitTestProject.csproj", "{2885C9CC-D0EA-4D89-9F37-D265D1448C93}"
EndProject
Global
	GlobalSection(SolutionConfigurationPlatforms) = preSolution
		Debug|Any CPU = Debug|Any CPU
		Release|Any CPU = Release|Any CPU
	EndGlobalSection
	GlobalSection(ProjectConfigurationPlatforms) = postSolution
		{90E4FEE0-F677-45B2-9E90-AB474389E41F}.Debug|Any CPU.ActiveCfg = Debug|Any CPU
		{90E4FEE0-F677-45B2-9E90-AB474389E41F}.Debug|Any CPU.Build.0 = Debug|Any CPU
		{90E4FEE0-F677-45B2-9E90-AB474389E41F}.Release|Any CPU.ActiveCfg = Release|Any CPU
		{90E4FEE0-F677-45B2-9E90-AB474389E41F}.Release|Any CPU.Build.0 = Release|Any CPU
		{2885C9CC-D0EA-4D89-9F37-D265D1448C93}.Debug|Any CPU.ActiveCfg = Debug|Any CPU
		{2885C9CC-D0EA-4D89-9F37-D265D1448C93}.Debug|Any CPU.Build.0 = Debug|Any CPU
		{2885C9CC-D0EA-4D89-9F37-D265D1448C93}.Release|Any CPU.ActiveCfg = Release|Any CPU
		{2885C9CC-D0EA-4D89-9F37-D265D1448C93}.Release|Any CPU.Build.0 = Release|Any CPU
	EndGlobalSection
	GlobalSection(SolutionProperties) = preSolution
		HideSolutionNode = FALSE
	EndGlobalSection
EndGlobal
