
Microsoft Visual Studio Solution File, Format Version 12.00
# Visual Studio 2013
VisualStudioVersion = 12.0.31101.0
MinimumVisualStudioVersion = 10.0.40219.1
Project("{FAE04EC0-301F-11D3-BF4B-00C04F79EFBC}") = "NumsCommas", "NumsCommas\NumsCommas.csproj", "{46419C4B-CE34-4203-BF2C-B5D86A3C9D69}"
EndProject
Project("{FAE04EC0-301F-11D3-BF4B-00C04F79EFBC}") = "UnitTestProject", "UnitTestProject\UnitTestProject.csproj", "{8F8B47B3-8EA4-45AD-A792-03FAB8D93FDA}"
EndProject
Project("{2150E333-8FDC-42A3-9474-1A3956D46DE8}") = ".nuget", ".nuget", "{85D50EAE-110A-478D-8467-A6909882186E}"
	ProjectSection(SolutionItems) = preProject
		.nuget\NuGet.Config = .nuget\NuGet.Config
		.nuget\NuGet.exe = .nuget\NuGet.exe
		.nuget\NuGet.targets = .nuget\NuGet.targets
	EndProjectSection
EndProject
Global
	GlobalSection(SolutionConfigurationPlatforms) = preSolution
		Debug|Any CPU = Debug|Any CPU
		Release|Any CPU = Release|Any CPU
	EndGlobalSection
	GlobalSection(ProjectConfigurationPlatforms) = postSolution
		{46419C4B-CE34-4203-BF2C-B5D86A3C9D69}.Debug|Any CPU.ActiveCfg = Debug|Any CPU
		{46419C4B-CE34-4203-BF2C-B5D86A3C9D69}.Debug|Any CPU.Build.0 = Debug|Any CPU
		{46419C4B-CE34-4203-BF2C-B5D86A3C9D69}.Release|Any CPU.ActiveCfg = Release|Any CPU
		{46419C4B-CE34-4203-BF2C-B5D86A3C9D69}.Release|Any CPU.Build.0 = Release|Any CPU
		{8F8B47B3-8EA4-45AD-A792-03FAB8D93FDA}.Debug|Any CPU.ActiveCfg = Debug|Any CPU
		{8F8B47B3-8EA4-45AD-A792-03FAB8D93FDA}.Debug|Any CPU.Build.0 = Debug|Any CPU
		{8F8B47B3-8EA4-45AD-A792-03FAB8D93FDA}.Release|Any CPU.ActiveCfg = Release|Any CPU
		{8F8B47B3-8EA4-45AD-A792-03FAB8D93FDA}.Release|Any CPU.Build.0 = Release|Any CPU
	EndGlobalSection
	GlobalSection(SolutionProperties) = preSolution
		HideSolutionNode = FALSE
	EndGlobalSection
EndGlobal
