
Microsoft Visual Studio Solution File, Format Version 12.00
# Visual Studio 2013
VisualStudioVersion = 12.0.31101.0
MinimumVisualStudioVersion = 10.0.40219.1
Project("{FAE04EC0-301F-11D3-BF4B-00C04F79EFBC}") = "NumbersInRange", "NumbersInRange\NumbersInRange.csproj", "{641FBA2F-5BD0-4E43-B10F-E84E197B4D00}"
EndProject
Project("{FAE04EC0-301F-11D3-BF4B-00C04F79EFBC}") = "UnitTestProject", "UnitTestProject\UnitTestProject.csproj", "{A4A6E16A-3A64-44AC-8D34-D15FA2511F1D}"
EndProject
Project("{2150E333-8FDC-42A3-9474-1A3956D46DE8}") = ".nuget", ".nuget", "{0644C4CF-2BCC-41D9-A8F9-0729834D16E9}"
	ProjectSection(SolutionItems) = preProject
		.nuget\NuGet.Config = .nuget\NuGet.Config
		.nuget\NuGet.exe = .nuget\NuGet.exe
		.nuget\NuGet.targets = .nuget\NuGet.targets
	EndProjectSection
EndProject
Global
	GlobalSection(SolutionConfigurationPlatforms) = preSolution
		Debug|Any CPU = Debug|Any CPU
		Release|Any CPU = Release|Any CPU
	EndGlobalSection
	GlobalSection(ProjectConfigurationPlatforms) = postSolution
		{641FBA2F-5BD0-4E43-B10F-E84E197B4D00}.Debug|Any CPU.ActiveCfg = Debug|Any CPU
		{641FBA2F-5BD0-4E43-B10F-E84E197B4D00}.Debug|Any CPU.Build.0 = Debug|Any CPU
		{641FBA2F-5BD0-4E43-B10F-E84E197B4D00}.Release|Any CPU.ActiveCfg = Release|Any CPU
		{641FBA2F-5BD0-4E43-B10F-E84E197B4D00}.Release|Any CPU.Build.0 = Release|Any CPU
		{A4A6E16A-3A64-44AC-8D34-D15FA2511F1D}.Debug|Any CPU.ActiveCfg = Debug|Any CPU
		{A4A6E16A-3A64-44AC-8D34-D15FA2511F1D}.Debug|Any CPU.Build.0 = Debug|Any CPU
		{A4A6E16A-3A64-44AC-8D34-D15FA2511F1D}.Release|Any CPU.ActiveCfg = Release|Any CPU
		{A4A6E16A-3A64-44AC-8D34-D15FA2511F1D}.Release|Any CPU.Build.0 = Release|Any CPU
	EndGlobalSection
	GlobalSection(SolutionProperties) = preSolution
		HideSolutionNode = FALSE
	EndGlobalSection
EndGlobal
